
Microsoft Visual Studio Solution File, Format Version 11.00
# Visual Studio 2010
# SharpDevelop 4.4
Project("{FAE04EC0-301F-11D3-BF4B-00C04F79EFBC}") = "Trabajo integrador", "Trabajo integrador\Trabajo integrador.csproj", "{57C0847F-4563-4861-B2C1-E378321FAA86}"
EndProject
Global
	GlobalSection(SolutionConfigurationPlatforms) = preSolution
		Debug|Any CPU = Debug|Any CPU
		Release|Any CPU = Release|Any CPU
	EndGlobalSection
	GlobalSection(ProjectConfigurationPlatforms) = postSolution
		{57C0847F-4563-4861-B2C1-E378321FAA86}.Debug|Any CPU.Build.0 = Debug|Any CPU
		{57C0847F-4563-4861-B2C1-E378321FAA86}.Debug|Any CPU.ActiveCfg = Debug|Any CPU
		{57C0847F-4563-4861-B2C1-E378321FAA86}.Release|Any CPU.Build.0 = Release|Any CPU
		{57C0847F-4563-4861-B2C1-E378321FAA86}.Release|Any CPU.ActiveCfg = Release|Any CPU
	EndGlobalSection
EndGlobal
